
Microsoft Visual Studio Solution File, Format Version 12.00
# Visual Studio Express 2013 for Windows Desktop
VisualStudioVersion = 12.0.31101.0
MinimumVisualStudioVersion = 10.0.40219.1
Project("{FAE04EC0-301F-11D3-BF4B-00C04F79EFBC}") = "BussinessRuleEngineTest", "UnitTestProject1\BussinessRuleEngineTest.csproj", "{B8524622-9FE3-4FE0-A0AC-19C9B26760CC}"
EndProject
Project("{FAE04EC0-301F-11D3-BF4B-00C04F79EFBC}") = "BusinessRuleEngine", "BusinessRuleEngine\BusinessRuleEngine.csproj", "{BFB79AC4-41FF-44A2-A22B-D083034E1227}"
EndProject
Global
	GlobalSection(SolutionConfigurationPlatforms) = preSolution
		Debug|Any CPU = Debug|Any CPU
		Release|Any CPU = Release|Any CPU
	EndGlobalSection
	GlobalSection(ProjectConfigurationPlatforms) = postSolution
		{B8524622-9FE3-4FE0-A0AC-19C9B26760CC}.Debug|Any CPU.ActiveCfg = Debug|Any CPU
		{B8524622-9FE3-4FE0-A0AC-19C9B26760CC}.Debug|Any CPU.Build.0 = Debug|Any CPU
		{B8524622-9FE3-4FE0-A0AC-19C9B26760CC}.Release|Any CPU.ActiveCfg = Release|Any CPU
		{B8524622-9FE3-4FE0-A0AC-19C9B26760CC}.Release|Any CPU.Build.0 = Release|Any CPU
		{BFB79AC4-41FF-44A2-A22B-D083034E1227}.Debug|Any CPU.ActiveCfg = Debug|Any CPU
		{BFB79AC4-41FF-44A2-A22B-D083034E1227}.Debug|Any CPU.Build.0 = Debug|Any CPU
		{BFB79AC4-41FF-44A2-A22B-D083034E1227}.Release|Any CPU.ActiveCfg = Release|Any CPU
		{BFB79AC4-41FF-44A2-A22B-D083034E1227}.Release|Any CPU.Build.0 = Release|Any CPU
	EndGlobalSection
	GlobalSection(SolutionProperties) = preSolution
		HideSolutionNode = FALSE
	EndGlobalSection
EndGlobal
